
Microsoft Visual Studio Solution File, Format Version 12.00
# Visual Studio Version 17
VisualStudioVersion = 17.0.31903.59
MinimumVisualStudioVersion = 10.0.40219.1
Project("{2150E333-8FDC-42A3-9474-1A3956D46DE8}") = "src", "src", "{827E0CD3-B72D-47B6-A68D-7590B98EB39B}"
EndProject
Project("{FAE04EC0-301F-11D3-BF4B-00C04F79EFBC}") = "Zhuomian.Core", "src\Zhuomian.Core\Zhuomian.Core.csproj", "{DBACA4FF-128B-4559-8E52-A8B8E48A6024}"
EndProject
Project("{FAE04EC0-301F-11D3-BF4B-00C04F79EFBC}") = "Zhuomian.Core.Tests", "tests\Zhuomian.Core.Tests\Zhuomian.Core.Tests.csproj", "{74B2A4B9-232A-40DB-AD48-98991F97A069}"
EndProject
Project("{2150E333-8FDC-42A3-9474-1A3956D46DE8}") = "spikes", "spikes", "{674B3D0D-B3C1-BDFD-64ED-056E74CE37B3}"
EndProject
Project("{2150E333-8FDC-42A3-9474-1A3956D46DE8}") = "DesktopHosting", "DesktopHosting", "{1B57D26D-6909-C96C-7B53-29390F89E666}"
EndProject
Project("{FAE04EC0-301F-11D3-BF4B-00C04F79EFBC}") = "Zhuomian.Spike.DesktopHosting", "spikes\DesktopHosting\Zhuomian.Spike.DesktopHosting\Zhuomian.Spike.DesktopHosting.csproj", "{0C38ABBD-2095-4EEC-8700-FD104D45FD3E}"
EndProject
Global
	GlobalSection(SolutionConfigurationPlatforms) = preSolution
		Debug|Any CPU = Debug|Any CPU
		Debug|x64 = Debug|x64
		Debug|x86 = Debug|x86
		Release|Any CPU = Release|Any CPU
		Release|x64 = Release|x64
		Release|x86 = Release|x86
	EndGlobalSection
	GlobalSection(ProjectConfigurationPlatforms) = postSolution
		{DBACA4FF-128B-4559-8E52-A8B8E48A6024}.Debug|Any CPU.ActiveCfg = Debug|Any CPU
		{DBACA4FF-128B-4559-8E52-A8B8E48A6024}.Debug|Any CPU.Build.0 = Debug|Any CPU
		{DBACA4FF-128B-4559-8E52-A8B8E48A6024}.Debug|x64.ActiveCfg = Debug|Any CPU
		{DBACA4FF-128B-4559-8E52-A8B8E48A6024}.Debug|x64.Build.0 = Debug|Any CPU
		{DBACA4FF-128B-4559-8E52-A8B8E48A6024}.Debug|x86.ActiveCfg = Debug|Any CPU
		{DBACA4FF-128B-4559-8E52-A8B8E48A6024}.Debug|x86.Build.0 = Debug|Any CPU
		{DBACA4FF-128B-4559-8E52-A8B8E48A6024}.Release|Any CPU.ActiveCfg = Release|Any CPU
		{DBACA4FF-128B-4559-8E52-A8B8E48A6024}.Release|Any CPU.Build.0 = Release|Any CPU
		{DBACA4FF-128B-4559-8E52-A8B8E48A6024}.Release|x64.ActiveCfg = Release|Any CPU
		{DBACA4FF-128B-4559-8E52-A8B8E48A6024}.Release|x64.Build.0 = Release|Any CPU
		{DBACA4FF-128B-4559-8E52-A8B8E48A6024}.Release|x86.ActiveCfg = Release|Any CPU
		{DBACA4FF-128B-4559-8E52-A8B8E48A6024}.Release|x86.Build.0 = Release|Any CPU
		{74B2A4B9-232A-40DB-AD48-98991F97A069}.Debug|Any CPU.ActiveCfg = Debug|Any CPU
		{74B2A4B9-232A-40DB-AD48-98991F97A069}.Debug|Any CPU.Build.0 = Debug|Any CPU
		{74B2A4B9-232A-40DB-AD48-98991F97A069}.Debug|x64.ActiveCfg = Debug|Any CPU
		{74B2A4B9-232A-40DB-AD48-98991F97A069}.Debug|x64.Build.0 = Debug|Any CPU
		{74B2A4B9-232A-40DB-AD48-98991F97A069}.Debug|x86.ActiveCfg = Debug|Any CPU
		{74B2A4B9-232A-40DB-AD48-98991F97A069}.Debug|x86.Build.0 = Debug|Any CPU
		{74B2A4B9-232A-40DB-AD48-98991F97A069}.Release|Any CPU.ActiveCfg = Release|Any CPU
		{74B2A4B9-232A-40DB-AD48-98991F97A069}.Release|Any CPU.Build.0 = Release|Any CPU
		{74B2A4B9-232A-40DB-AD48-98991F97A069}.Release|x64.ActiveCfg = Release|Any CPU
		{74B2A4B9-232A-40DB-AD48-98991F97A069}.Release|x64.Build.0 = Release|Any CPU
		{74B2A4B9-232A-40DB-AD48-98991F97A069}.Release|x86.ActiveCfg = Release|Any CPU
		{74B2A4B9-232A-40DB-AD48-98991F97A069}.Release|x86.Build.0 = Release|Any CPU
		{0C38ABBD-2095-4EEC-8700-FD104D45FD3E}.Debug|Any CPU.ActiveCfg = Debug|Any CPU
		{0C38ABBD-2095-4EEC-8700-FD104D45FD3E}.Debug|Any CPU.Build.0 = Debug|Any CPU
		{0C38ABBD-2095-4EEC-8700-FD104D45FD3E}.Debug|x64.ActiveCfg = Debug|Any CPU
		{0C38ABBD-2095-4EEC-8700-FD104D45FD3E}.Debug|x64.Build.0 = Debug|Any CPU
		{0C38ABBD-2095-4EEC-8700-FD104D45FD3E}.Debug|x86.ActiveCfg = Debug|Any CPU
		{0C38ABBD-2095-4EEC-8700-FD104D45FD3E}.Debug|x86.Build.0 = Debug|Any CPU
		{0C38ABBD-2095-4EEC-8700-FD104D45FD3E}.Release|Any CPU.ActiveCfg = Release|Any CPU
		{0C38ABBD-2095-4EEC-8700-FD104D45FD3E}.Release|Any CPU.Build.0 = Release|Any CPU
		{0C38ABBD-2095-4EEC-8700-FD104D45FD3E}.Release|x64.ActiveCfg = Release|Any CPU
		{0C38ABBD-2095-4EEC-8700-FD104D45FD3E}.Release|x64.Build.0 = Release|Any CPU
		{0C38ABBD-2095-4EEC-8700-FD104D45FD3E}.Release|x86.ActiveCfg = Release|Any CPU
		{0C38ABBD-2095-4EEC-8700-FD104D45FD3E}.Release|x86.Build.0 = Release|Any CPU
	EndGlobalSection
	GlobalSection(SolutionProperties) = preSolution
		HideSolutionNode = FALSE
	EndGlobalSection
	GlobalSection(NestedProjects) = preSolution
		{DBACA4FF-128B-4559-8E52-A8B8E48A6024} = {827E0CD3-B72D-47B6-A68D-7590B98EB39B}
		{74B2A4B9-232A-40DB-AD48-98991F97A069} = {827E0CD3-B72D-47B6-A68D-7590B98EB39B}
		{1B57D26D-6909-C96C-7B53-29390F89E666} = {674B3D0D-B3C1-BDFD-64ED-056E74CE37B3}
		{0C38ABBD-2095-4EEC-8700-FD104D45FD3E} = {1B57D26D-6909-C96C-7B53-29390F89E666}
	EndGlobalSection
EndGlobal
